
Microsoft Visual Studio Solution File, Format Version 12.00
# Visual Studio 15
Project("{FAE04EC0-301F-11D3-BF4B-00C04F79EFBC}") = "AstarPathfindingProjectEditor", "AstarPathfindingProjectEditor.csproj", "{49E0171B-10CC-6FC5-C54A-1CA2E386F649}"
EndProject
Project("{FAE04EC0-301F-11D3-BF4B-00C04F79EFBC}") = "AstarPathfindingProject", "AstarPathfindingProject.csproj", "{D10BA564-8983-D92D-D098-A6B22C9D5321}"
EndProject
Project("{FAE04EC0-301F-11D3-BF4B-00C04F79EFBC}") = "Assembly-CSharp", "Assembly-CSharp.csproj", "{99F825D5-7569-2826-F30B-DE3DA2C3BA75}"
EndProject
Project("{FAE04EC0-301F-11D3-BF4B-00C04F79EFBC}") = "PackageToolsEditor", "PackageToolsEditor.csproj", "{122BF682-B9F5-EB13-B1D4-8390C94CED32}"
EndProject
Global
	GlobalSection(SolutionConfigurationPlatforms) = preSolution
		Debug|Any CPU = Debug|Any CPU
		Release|Any CPU = Release|Any CPU
	EndGlobalSection
	GlobalSection(ProjectConfigurationPlatforms) = postSolution
		{49E0171B-10CC-6FC5-C54A-1CA2E386F649}.Debug|Any CPU.ActiveCfg = Debug|Any CPU
		{49E0171B-10CC-6FC5-C54A-1CA2E386F649}.Debug|Any CPU.Build.0 = Debug|Any CPU
		{49E0171B-10CC-6FC5-C54A-1CA2E386F649}.Release|Any CPU.ActiveCfg = Release|Any CPU
		{49E0171B-10CC-6FC5-C54A-1CA2E386F649}.Release|Any CPU.Build.0 = Release|Any CPU
		{D10BA564-8983-D92D-D098-A6B22C9D5321}.Debug|Any CPU.ActiveCfg = Debug|Any CPU
		{D10BA564-8983-D92D-D098-A6B22C9D5321}.Debug|Any CPU.Build.0 = Debug|Any CPU
		{D10BA564-8983-D92D-D098-A6B22C9D5321}.Release|Any CPU.ActiveCfg = Release|Any CPU
		{D10BA564-8983-D92D-D098-A6B22C9D5321}.Release|Any CPU.Build.0 = Release|Any CPU
		{99F825D5-7569-2826-F30B-DE3DA2C3BA75}.Debug|Any CPU.ActiveCfg = Debug|Any CPU
		{99F825D5-7569-2826-F30B-DE3DA2C3BA75}.Debug|Any CPU.Build.0 = Debug|Any CPU
		{99F825D5-7569-2826-F30B-DE3DA2C3BA75}.Release|Any CPU.ActiveCfg = Release|Any CPU
		{99F825D5-7569-2826-F30B-DE3DA2C3BA75}.Release|Any CPU.Build.0 = Release|Any CPU
		{122BF682-B9F5-EB13-B1D4-8390C94CED32}.Debug|Any CPU.ActiveCfg = Debug|Any CPU
		{122BF682-B9F5-EB13-B1D4-8390C94CED32}.Debug|Any CPU.Build.0 = Debug|Any CPU
		{122BF682-B9F5-EB13-B1D4-8390C94CED32}.Release|Any CPU.ActiveCfg = Release|Any CPU
		{122BF682-B9F5-EB13-B1D4-8390C94CED32}.Release|Any CPU.Build.0 = Release|Any CPU
	EndGlobalSection
	GlobalSection(SolutionProperties) = preSolution
		HideSolutionNode = FALSE
	EndGlobalSection
EndGlobal
